
Microsoft Visual Studio Solution File, Format Version 11.00
# Visual Studio 2010
# SharpDevelop 5.1
Project("{FAE04EC0-301F-11D3-BF4B-00C04F79EFBC}") = "pult2_wifi_connection", "pult2_wifi_connection.csproj", "{047B7B6A-F742-468B-8EE9-6F1D2DD19596}"
EndProject
Global
	GlobalSection(SolutionConfigurationPlatforms) = preSolution
		Debug|Any CPU = Debug|Any CPU
		Release|Any CPU = Release|Any CPU
	EndGlobalSection
	GlobalSection(ProjectConfigurationPlatforms) = postSolution
		{047B7B6A-F742-468B-8EE9-6F1D2DD19596}.Debug|Any CPU.ActiveCfg = Debug|Any CPU
		{047B7B6A-F742-468B-8EE9-6F1D2DD19596}.Debug|Any CPU.Build.0 = Debug|Any CPU
		{047B7B6A-F742-468B-8EE9-6F1D2DD19596}.Release|Any CPU.ActiveCfg = Release|Any CPU
		{047B7B6A-F742-468B-8EE9-6F1D2DD19596}.Release|Any CPU.Build.0 = Release|Any CPU
	EndGlobalSection
EndGlobal
